{
  "name": "example",
  "version": "1.0.0",
  "lockfileVersion": 1,
  "requires": true,
  "dependencies": {
    "protoc-gen-jsonpb-ts": {
      "version": "file:..",
      "dev": true,
      "requires": {
        "ejs": "^2.6.1",
        "google-protobuf": "^3.6.1",
        "prettier": "^1.14.2"
      },
      "dependencies": {
        "@types/ejs": {
          "version": "2.6.0",
          "bundled": true
        },
        "@types/google-protobuf": {
          "version": "3.2.7",
          "bundled": true
        },
        "@types/node": {
          "version": "10.5.6",
          "bundled": true
        },
        "@types/prettier": {
          "version": "1.13.2",
          "bundled": true
        },
        "ejs": {
          "version": "2.6.1",
          "bundled": true,
          "dev": true
        },
        "google-protobuf": {
          "version": "3.6.1",
          "bundled": true,
          "dev": true
        },
        "prettier": {
          "version": "1.14.2",
          "bundled": true,
          "dev": true
        },
        "typescript": {
          "version": "3.0.1",
          "bundled": true
        }
      }
    }
  }
}
