{
  "name": "protoc-gen-jsonpb-ts",
  "version": "0.1.9",
  "lockfileVersion": 3,
  "requires": true,
  "packages": {
    "": {
      "name": "protoc-gen-jsonpb-ts",
      "version": "0.1.9",
      "license": "MIT",
      "dependencies": {
        "ejs": "^3.0.0",
        "google-protobuf": "^3.6.1",
        "prettier": "^2.0.0"
      },
      "bin": {
        "protoc-gen-jsonpb-ts": "bin/protoc-gen-jsonpb-ts"
      },
      "devDependencies": {
        "@types/ejs": "3.0.2",
        "@types/google-protobuf": "3.7.2",
        "@types/node": "18.18.6",
        "@types/prettier": "2.0.0",
        "typescript": "3.8.3"
      }
    },
    "node_modules/@types/ejs": {
      "version": "3.0.2",
      "resolved": "https://registry.npmjs.org/@types/ejs/-/ejs-3.0.2.tgz",
      "integrity": "sha512-+nriFZYDz+C+6SWzJp0jHrGvyzL3Sg63u1vRlH1AfViyaT4oTod+MtfZ0YMNYXzO7ybFkdx4ZaBwBtLwdYkReQ==",
      "dev": true
    },
    "node_modules/@types/google-protobuf": {
      "version": "3.7.2",
      "resolved": "https://registry.npmjs.org/@types/google-protobuf/-/google-protobuf-3.7.2.tgz",
      "integrity": "sha512-ifFemzjNchFBCtHS6bZNhSZCBu7tbtOe0e8qY0z2J4HtFXmPJjm6fXSaQsTG7yhShBEZtt2oP/bkwu5k+emlkQ==",
      "dev": true
    },
    "node_modules/@types/node": {
      "version": "18.18.6",
      "resolved": "https://registry.npmjs.org/@types/node/-/node-18.18.6.tgz",
      "integrity": "sha512-wf3Vz+jCmOQ2HV1YUJuCWdL64adYxumkrxtc+H1VUQlnQI04+5HtH+qZCOE21lBE7gIrt+CwX2Wv8Acrw5Ak6w==",
      "dev": true
    },
    "node_modules/@types/prettier": {
      "version": "2.0.0",
      "resolved": "https://registry.npmjs.org/@types/prettier/-/prettier-2.0.0.tgz",
      "integrity": "sha512-/rM+sWiuOZ5dvuVzV37sUuklsbg+JPOP8d+nNFlo2ZtfpzPiPvh1/gc8liWOLBqe+sR+ZM7guPaIcTt6UZTo7Q==",
      "dev": true
    },
    "node_modules/ejs": {
      "version": "3.0.1",
      "resolved": "https://registry.npmjs.org/ejs/-/ejs-3.0.1.tgz",
      "integrity": "sha512-cuIMtJwxvzumSAkqaaoGY/L6Fc/t6YvoP9/VIaK0V/CyqKLEQ8sqODmYfy/cjXEdZ9+OOL8TecbJu+1RsofGDw==",
      "hasInstallScript": true,
      "engines": {
        "node": ">=0.10.0"
      }
    },
    "node_modules/google-protobuf": {
      "version": "3.6.1",
      "resolved": "https://registry.npmjs.org/google-protobuf/-/google-protobuf-3.6.1.tgz",
      "integrity": "sha512-SJYemeX5GjDLPnadcmCNQePQHCS4Hl5fOcI/JawqDIYFhCmrtYAjcx/oTQx/Wi8UuCuZQhfvftbmPePPAYHFtA=="
    },
    "node_modules/prettier": {
      "version": "2.0.2",
      "resolved": "https://registry.npmjs.org/prettier/-/prettier-2.0.2.tgz",
      "integrity": "sha512-5xJQIPT8BraI7ZnaDwSbu5zLrB6vvi8hVV58yHQ+QK64qrY40dULy0HSRlQ2/2IdzeBpjhDkqdcFBnFeDEMVdg==",
      "bin": {
        "prettier": "bin-prettier.js"
      },
      "engines": {
        "node": ">=10.13.0"
      }
    },
    "node_modules/typescript": {
      "version": "3.8.3",
      "resolved": "https://registry.npmjs.org/typescript/-/typescript-3.8.3.tgz",
      "integrity": "sha512-MYlEfn5VrLNsgudQTVJeNaQFUAI7DkhnOjdpAp4T+ku1TfQClewlbSuTVHiA+8skNBgaf02TL/kLOvig4y3G8w==",
      "dev": true,
      "bin": {
        "tsc": "bin/tsc",
        "tsserver": "bin/tsserver"
      },
      "engines": {
        "node": ">=4.2.0"
      }
    }
  }
}
